{
  "name": "lfai-landing",
  "version": "0.1.0",
  "lockfileVersion": 3,
  "requires": true,
  "packages": {
    "": {
      "name": "lfai-landing",
      "version": "0.1.0",
      "dependencies": {
        "autoprefixer": "^10.4.21",
        "next": "14.0.0",
        "postcss": "^8.5.6",
        "react": "^18.2.0",
        "react-dom": "^18.2.0",
        "tailwindcss": "^4.1.17"
      },
      "devDependencies": {
        "@types/node": "^20.0.0",
        "@types/react": "^18.2.0",
        "@types/react-dom": "^18.2.0",
        "eslint": "^8.0.0",
        "eslint-config-next": "14.0.0",
        "typescript": "^5.0.0"
      }
    },
    "../../node_modules/.pnpm/@types+node@20.19.11/node_modules/@types/node": {
      "version": "20.19.11",
      "dev": true,
      "license": "MIT",
      "dependencies": {
        "undici-types": "~6.21.0"
      }
    },
    "../../node_modules/.pnpm/@types+react-dom@18.3.7_@types+react@18.3.24/node_modules/@types/react-dom": {
      "version": "18.3.7",
      "dev": true,
      "license": "MIT",
      "peerDependencies": {
        "@types/react": "^18.0.0"
      }
    },
    "../../node_modules/.pnpm/@types+react@18.3.24/node_modules/@types/react": {
      "version": "18.3.24",
      "dev": true,
      "license": "MIT",
      "dependencies": {
        "@types/prop-types": "*",
        "csstype": "^3.0.2"
      }
    },
    "../../node_modules/.pnpm/eslint-config-next@14.0.0_eslint@8.57.1_typescript@5.9.2/node_modules/eslint-config-next": {
      "version": "14.0.0",
      "dev": true,
      "license": "MIT",
      "dependencies": {
        "@next/eslint-plugin-next": "14.0.0",
        "@rushstack/eslint-patch": "^1.3.3",
        "@typescript-eslint/parser": "^5.4.2 || ^6.0.0",
        "eslint-import-resolver-node": "^0.3.6",
        "eslint-import-resolver-typescript": "^3.5.2",
        "eslint-plugin-import": "^2.28.1",
        "eslint-plugin-jsx-a11y": "^6.7.1",
        "eslint-plugin-react": "^7.33.2",
        "eslint-plugin-react-hooks": "^4.5.0 || 5.0.0-canary-7118f5dd7-20230705"
      },
      "peerDependencies": {
        "eslint": "^7.23.0 || ^8.0.0",
        "typescript": ">=3.3.1"
      },
      "peerDependenciesMeta": {
        "typescript": {
          "optional": true
        }
      }
    },
    "../../node_modules/.pnpm/eslint@8.57.1/node_modules/eslint": {
      "version": "8.57.1",
      "dev": true,
      "license": "MIT",
      "dependencies": {
        "@eslint-community/eslint-utils": "^4.2.0",
        "@eslint-community/regexpp": "^4.6.1",
        "@eslint/eslintrc": "^2.1.4",
        "@eslint/js": "8.57.1",
        "@humanwhocodes/config-array": "^0.13.0",
        "@humanwhocodes/module-importer": "^1.0.1",
        "@nodelib/fs.walk": "^1.2.8",
        "@ungap/structured-clone": "^1.2.0",
        "ajv": "^6.12.4",
        "chalk": "^4.0.0",
        "cross-spawn": "^7.0.2",
        "debug": "^4.3.2",
        "doctrine": "^3.0.0",
        "escape-string-regexp": "^4.0.0",
        "eslint-scope": "^7.2.2",
        "eslint-visitor-keys": "^3.4.3",
        "espree": "^9.6.1",
        "esquery": "^1.4.2",
        "esutils": "^2.0.2",
        "fast-deep-equal": "^3.1.3",
        "file-entry-cache": "^6.0.1",
        "find-up": "^5.0.0",
        "glob-parent": "^6.0.2",
        "globals": "^13.19.0",
        "graphemer": "^1.4.0",
        "ignore": "^5.2.0",
        "imurmurhash": "^0.1.4",
        "is-glob": "^4.0.0",
        "is-path-inside": "^3.0.3",
        "js-yaml": "^4.1.0",
        "json-stable-stringify-without-jsonify": "^1.0.1",
        "levn": "^0.4.1",
        "lodash.merge": "^4.6.2",
        "minimatch": "^3.1.2",
        "natural-compare": "^1.4.0",
        "optionator": "^0.9.3",
        "strip-ansi": "^6.0.1",
        "text-table": "^0.2.0"
      },
      "bin": {
        "eslint": "bin/eslint.js"
      },
      "devDependencies": {
        "@babel/core": "^7.4.3",
        "@babel/preset-env": "^7.4.3",
        "@sinonjs/fake-timers": "11.2.2",
        "@wdio/browser-runner": "^8.14.6",
        "@wdio/cli": "^8.14.6",
        "@wdio/concise-reporter": "^8.14.0",
        "@wdio/globals": "^8.14.6",
        "@wdio/mocha-framework": "^8.14.0",
        "babel-loader": "^8.0.5",
        "c8": "^7.12.0",
        "chai": "^4.0.1",
        "cheerio": "^0.22.0",
        "common-tags": "^1.8.0",
        "core-js": "^3.1.3",
        "ejs": "^3.0.2",
        "eslint": "file:.",
        "eslint-config-eslint": "file:packages/eslint-config-eslint",
        "eslint-plugin-eslint-comments": "^3.2.0",
        "eslint-plugin-eslint-plugin": "^5.2.1",
        "eslint-plugin-internal-rules": "file:tools/internal-rules",
        "eslint-plugin-jsdoc": "^46.2.5",
        "eslint-plugin-n": "^16.6.0",
        "eslint-plugin-unicorn": "^49.0.0",
        "eslint-release": "^3.3.0",
        "eslump": "^3.0.0",
        "esprima": "^4.0.1",
        "fast-glob": "^3.2.11",
        "fs-teardown": "^0.1.3",
        "glob": "^7.1.6",
        "got": "^11.8.3",
        "gray-matter": "^4.0.3",
        "lint-staged": "^11.0.0",
        "load-perf": "^0.2.0",
        "markdown-it": "^12.2.0",
        "markdown-it-container": "^3.0.0",
        "markdownlint": "^0.32.0",
        "markdownlint-cli": "^0.37.0",
        "marked": "^4.0.8",
        "memfs": "^3.0.1",
        "metascraper": "^5.25.7",
        "metascraper-description": "^5.25.7",
        "metascraper-image": "^5.29.3",
        "metascraper-logo": "^5.25.7",
        "metascraper-logo-favicon": "^5.25.7",
        "metascraper-title": "^5.25.7",
        "mocha": "^8.3.2",
        "mocha-junit-reporter": "^2.0.0",
        "node-polyfill-webpack-plugin": "^1.0.3",
        "npm-license": "^0.3.3",
        "pirates": "^4.0.5",
        "progress": "^2.0.3",
        "proxyquire": "^2.0.1",
        "recast": "^0.23.0",
        "regenerator-runtime": "^0.14.0",
        "rollup-plugin-node-polyfills": "^0.2.1",
        "semver": "^7.5.3",
        "shelljs": "^0.8.2",
        "sinon": "^11.0.0",
        "vite-plugin-commonjs": "0.10.1",
        "webdriverio": "^8.14.6",
        "webpack": "^5.23.0",
        "webpack-cli": "^4.5.0",
        "yorkie": "^2.0.0"
      },
      "engines": {
        "node": "^12.22.0 || ^14.17.0 || >=16.0.0"
      },
      "funding": {
        "url": "https://opencollective.com/eslint"
      }
    },
    "../../node_modules/.pnpm/next@14.0.0_react-dom@18.3.1_react@18.3.1/node_modules/next": {
      "version": "14.0.0",
      "license": "MIT",
      "dependencies": {
        "@next/env": "14.0.0",
        "@swc/helpers": "0.5.2",
        "busboy": "1.6.0",
        "caniuse-lite": "^1.0.30001406",
        "postcss": "8.4.31",
        "styled-jsx": "5.1.1",
        "watchpack": "2.4.0"
      },
      "bin": {
        "next": "dist/bin/next"
      },
      "devDependencies": {
        "@ampproject/toolbox-optimizer": "2.8.3",
        "@babel/code-frame": "7.22.5",
        "@babel/core": "7.22.5",
        "@babel/eslint-parser": "7.22.5",
        "@babel/generator": "7.22.5",
        "@babel/plugin-proposal-class-properties": "7.18.6",
        "@babel/plugin-proposal-export-namespace-from": "7.18.9",
        "@babel/plugin-proposal-numeric-separator": "7.18.6",
        "@babel/plugin-proposal-object-rest-spread": "7.20.7",
        "@babel/plugin-syntax-bigint": "7.8.3",
        "@babel/plugin-syntax-dynamic-import": "7.8.3",
        "@babel/plugin-syntax-import-assertions": "7.22.5",
        "@babel/plugin-syntax-jsx": "7.22.5",
        "@babel/plugin-transform-modules-commonjs": "7.22.5",
        "@babel/plugin-transform-runtime": "7.22.5",
        "@babel/preset-env": "7.22.5",
        "@babel/preset-react": "7.22.5",
        "@babel/preset-typescript": "7.22.5",
        "@babel/runtime": "7.22.5",
        "@babel/traverse": "7.22.5",
        "@babel/types": "7.22.5",
        "@capsizecss/metrics": "1.1.0",
        "@edge-runtime/cookies": "4.0.2",
        "@edge-runtime/ponyfill": "2.4.1",
        "@edge-runtime/primitives": "4.0.2",
        "@hapi/accept": "5.0.2",
        "@jest/transform": "29.5.0",
        "@jest/types": "29.5.0",
        "@mswjs/interceptors": "0.23.0",
        "@napi-rs/cli": "2.16.2",
        "@napi-rs/triples": "1.1.0",
        "@next/polyfill-module": "14.0.0",
        "@next/polyfill-nomodule": "14.0.0",
        "@next/react-dev-overlay": "14.0.0",
        "@next/react-refresh-utils": "14.0.0",
        "@next/swc": "14.0.0",
        "@opentelemetry/api": "1.4.1",
        "@playwright/test": "^1.35.1",
        "@taskr/clear": "1.1.0",
        "@taskr/esnext": "1.1.0",
        "@types/amphtml-validator": "1.0.0",
        "@types/babel__code-frame": "7.0.2",
        "@types/babel__core": "7.1.12",
        "@types/babel__generator": "7.6.2",
        "@types/babel__template": "7.4.0",
        "@types/babel__traverse": "7.11.0",
        "@types/bytes": "3.1.1",
        "@types/ci-info": "2.0.0",
        "@types/compression": "0.0.36",
        "@types/content-disposition": "0.5.4",
        "@types/content-type": "1.1.3",
        "@types/cookie": "0.3.3",
        "@types/cross-spawn": "6.0.0",
        "@types/debug": "4.1.5",
        "@types/express-serve-static-core": "4.17.33",
        "@types/fresh": "0.5.0",
        "@types/glob": "7.1.1",
        "@types/jsonwebtoken": "9.0.0",
        "@types/lodash": "4.14.198",
        "@types/lodash.curry": "4.1.6",
        "@types/lru-cache": "5.1.0",
        "@types/micromatch": "4.0.2",
        "@types/path-to-regexp": "1.7.0",
        "@types/platform": "1.3.4",
        "@types/react": "18.2.5",
        "@types/react-dom": "18.2.3",
        "@types/react-is": "17.0.3",
        "@types/semver": "7.3.1",
        "@types/send": "0.14.4",
        "@types/shell-quote": "1.7.1",
        "@types/tar": "6.1.5",
        "@types/text-table": "0.2.1",
        "@types/ua-parser-js": "0.7.36",
        "@types/uuid": "8.3.1",
        "@types/webpack-sources1": "npm:@types/webpack-sources@0.1.5",
        "@types/ws": "8.2.0",
        "@vercel/ncc": "0.34.0",
        "@vercel/nft": "0.22.6",
        "@vercel/turbopack-ecmascript-runtime": "https://gitpkg-fork.vercel.sh/vercel/turbo/crates/turbopack-ecmascript-runtime/js?turbopack-231026.5",
        "acorn": "8.5.0",
        "amphtml-validator": "1.0.35",
        "anser": "1.4.9",
        "arg": "4.1.0",
        "assert": "2.0.0",
        "async-retry": "1.2.3",
        "async-sema": "3.0.0",
        "babel-plugin-transform-define": "2.0.0",
        "babel-plugin-transform-react-remove-prop-types": "0.4.24",
        "browserify-zlib": "0.2.0",
        "browserslist": "4.20.2",
        "buffer": "5.6.0",
        "bytes": "3.1.1",
        "ci-info": "watson/ci-info#f43f6a1cefff47fb361c88cf4b943fdbcaafe540",
        "cli-select": "1.1.2",
        "client-only": "0.0.1",
        "comment-json": "3.0.3",
        "compression": "1.7.4",
        "conf": "5.0.0",
        "constants-browserify": "1.0.0",
        "content-disposition": "0.5.3",
        "content-type": "1.0.4",
        "cookie": "0.4.1",
        "cross-spawn": "7.0.3",
        "crypto-browserify": "3.12.0",
        "css.escape": "1.5.1",
        "cssnano-preset-default": "5.2.14",
        "data-uri-to-buffer": "3.0.1",
        "debug": "4.1.1",
        "devalue": "2.0.1",
        "domain-browser": "4.19.0",
        "edge-runtime": "2.5.4",
        "events": "3.3.0",
        "find-cache-dir": "3.3.1",
        "find-up": "4.1.0",
        "fresh": "0.5.2",
        "get-orientation": "1.1.2",
        "glob": "7.1.7",
        "gzip-size": "5.1.1",
        "http-proxy": "1.18.1",
        "http-proxy-agent": "5.0.0",
        "https-browserify": "1.0.0",
        "https-proxy-agent": "5.0.1",
        "icss-utils": "5.1.0",
        "ignore-loader": "0.1.2",
        "image-size": "1.0.0",
        "is-docker": "2.0.0",
        "is-wsl": "2.2.0",
        "jest-worker": "27.5.1",
        "json5": "2.2.3",
        "jsonwebtoken": "9.0.0",
        "loader-runner": "4.3.0",
        "loader-utils2": "npm:loader-utils@2.0.0",
        "loader-utils3": "npm:loader-utils@3.1.3",
        "lodash.curry": "4.1.1",
        "lru-cache": "5.1.1",
        "micromatch": "4.0.4",
        "mini-css-extract-plugin": "2.4.3",
        "msw": "1.3.0",
        "nanoid": "3.1.32",
        "native-url": "0.3.4",
        "neo-async": "2.6.1",
        "node-html-parser": "5.3.3",
        "ora": "4.0.4",
        "os-browserify": "0.3.0",
        "p-limit": "3.1.0",
        "path-browserify": "1.0.1",
        "path-to-regexp": "6.1.0",
        "platform": "1.3.6",
        "postcss-flexbugs-fixes": "5.0.2",
        "postcss-modules-extract-imports": "3.0.0",
        "postcss-modules-local-by-default": "4.0.0",
        "postcss-modules-scope": "3.0.0",
        "postcss-modules-values": "4.0.0",
        "postcss-preset-env": "7.4.3",
        "postcss-safe-parser": "6.0.0",
        "postcss-scss": "4.0.3",
        "postcss-value-parser": "4.2.0",
        "process": "0.11.10",
        "punycode": "2.1.1",
        "querystring-es3": "0.2.1",
        "raw-body": "2.4.1",
        "react-is": "18.2.0",
        "react-refresh": "0.12.0",
        "regenerator-runtime": "0.13.4",
        "sass-loader": "12.4.0",
        "schema-utils2": "npm:schema-utils@2.7.1",
        "schema-utils3": "npm:schema-utils@3.0.0",
        "semver": "7.3.2",
        "send": "0.17.1",
        "server-only": "0.0.1",
        "setimmediate": "1.0.5",
        "shell-quote": "1.7.3",
        "source-map": "0.6.1",
        "stacktrace-parser": "0.1.10",
        "stream-browserify": "3.0.0",
        "stream-http": "3.1.1",
        "strict-event-emitter": "0.5.0",
        "string_decoder": "1.3.0",
        "string-hash": "1.1.3",
        "strip-ansi": "6.0.0",
        "superstruct": "1.0.3",
        "tar": "6.1.15",
        "taskr": "1.1.0",
        "terser": "5.14.1",
        "terser-webpack-plugin": "5.3.9",
        "text-table": "0.2.0",
        "timers-browserify": "2.0.12",
        "tty-browserify": "0.0.1",
        "ua-parser-js": "1.0.35",
        "unistore": "3.4.1",
        "util": "0.12.4",
        "uuid": "8.3.2",
        "vm-browserify": "1.1.2",
        "watchpack": "2.4.0",
        "web-vitals": "3.0.0",
        "webpack": "5.86.0",
        "webpack-sources1": "npm:webpack-sources@1.4.3",
        "webpack-sources3": "npm:webpack-sources@3.2.3",
        "ws": "8.2.3",
        "zod": "3.22.3"
      },
      "engines": {
        "node": ">=18.17.0"
      },
      "optionalDependencies": {
        "@next/swc-darwin-arm64": "14.0.0",
        "@next/swc-darwin-x64": "14.0.0",
        "@next/swc-linux-arm64-gnu": "14.0.0",
        "@next/swc-linux-arm64-musl": "14.0.0",
        "@next/swc-linux-x64-gnu": "14.0.0",
        "@next/swc-linux-x64-musl": "14.0.0",
        "@next/swc-win32-arm64-msvc": "14.0.0",
        "@next/swc-win32-ia32-msvc": "14.0.0",
        "@next/swc-win32-x64-msvc": "14.0.0"
      },
      "peerDependencies": {
        "@opentelemetry/api": "^1.1.0",
        "react": "^18.2.0",
        "react-dom": "^18.2.0",
        "sass": "^1.3.0"
      },
      "peerDependenciesMeta": {
        "@opentelemetry/api": {
          "optional": true
        },
        "sass": {
          "optional": true
        }
      }
    },
    "../../node_modules/.pnpm/react-dom@18.3.1_react@18.3.1/node_modules/react-dom": {
      "version": "18.3.1",
      "license": "MIT",
      "dependencies": {
        "loose-envify": "^1.1.0",
        "scheduler": "^0.23.2"
      },
      "peerDependencies": {
        "react": "^18.3.1"
      }
    },
    "../../node_modules/.pnpm/react@18.3.1/node_modules/react": {
      "version": "18.3.1",
      "license": "MIT",
      "dependencies": {
        "loose-envify": "^1.1.0"
      },
      "engines": {
        "node": ">=0.10.0"
      }
    },
    "../../node_modules/.pnpm/typescript@5.9.2/node_modules/typescript": {
      "version": "5.9.2",
      "dev": true,
      "license": "Apache-2.0",
      "bin": {
        "tsc": "bin/tsc",
        "tsserver": "bin/tsserver"
      },
      "devDependencies": {
        "@dprint/formatter": "^0.4.1",
        "@dprint/typescript": "0.93.4",
        "@esfx/canceltoken": "^1.0.0",
        "@eslint/js": "^9.20.0",
        "@octokit/rest": "^21.1.1",
        "@types/chai": "^4.3.20",
        "@types/diff": "^7.0.1",
        "@types/minimist": "^1.2.5",
        "@types/mocha": "^10.0.10",
        "@types/ms": "^0.7.34",
        "@types/node": "latest",
        "@types/source-map-support": "^0.5.10",
        "@types/which": "^3.0.4",
        "@typescript-eslint/rule-tester": "^8.24.1",
        "@typescript-eslint/type-utils": "^8.24.1",
        "@typescript-eslint/utils": "^8.24.1",
        "azure-devops-node-api": "^14.1.0",
        "c8": "^10.1.3",
        "chai": "^4.5.0",
        "chokidar": "^4.0.3",
        "diff": "^7.0.0",
        "dprint": "^0.49.0",
        "esbuild": "^0.25.0",
        "eslint": "^9.20.1",
        "eslint-formatter-autolinkable-stylish": "^1.4.0",
        "eslint-plugin-regexp": "^2.7.0",
        "fast-xml-parser": "^4.5.2",
        "glob": "^10.4.5",
        "globals": "^15.15.0",
        "hereby": "^1.10.0",
        "jsonc-parser": "^3.3.1",
        "knip": "^5.44.4",
        "minimist": "^1.2.8",
        "mocha": "^10.8.2",
        "mocha-fivemat-progress-reporter": "^0.1.0",
        "monocart-coverage-reports": "^2.12.1",
        "ms": "^2.1.3",
        "picocolors": "^1.1.1",
        "playwright": "^1.50.1",
        "source-map-support": "^0.5.21",
        "tslib": "^2.8.1",
        "typescript": "^5.7.3",
        "typescript-eslint": "^8.24.1",
        "which": "^3.0.1"
      },
      "engines": {
        "node": ">=14.17"
      }
    },
    "node_modules/@types/node": {
      "resolved": "../../node_modules/.pnpm/@types+node@20.19.11/node_modules/@types/node",
      "link": true
    },
    "node_modules/@types/react": {
      "resolved": "../../node_modules/.pnpm/@types+react@18.3.24/node_modules/@types/react",
      "link": true
    },
    "node_modules/@types/react-dom": {
      "resolved": "../../node_modules/.pnpm/@types+react-dom@18.3.7_@types+react@18.3.24/node_modules/@types/react-dom",
      "link": true
    },
    "node_modules/autoprefixer": {
      "version": "10.4.21",
      "resolved": "https://registry.npmjs.org/autoprefixer/-/autoprefixer-10.4.21.tgz",
      "integrity": "sha512-O+A6LWV5LDHSJD3LjHYoNi4VLsj/Whi7k6zG12xTYaU4cQ8oxQGckXNX8cRHK5yOZ/ppVHe0ZBXGzSV9jXdVbQ==",
      "funding": [
        {
          "type": "opencollective",
          "url": "https://opencollective.com/postcss/"
        },
        {
          "type": "tidelift",
          "url": "https://tidelift.com/funding/github/npm/autoprefixer"
        },
        {
          "type": "github",
          "url": "https://github.com/sponsors/ai"
        }
      ],
      "license": "MIT",
      "dependencies": {
        "browserslist": "^4.24.4",
        "caniuse-lite": "^1.0.30001702",
        "fraction.js": "^4.3.7",
        "normalize-range": "^0.1.2",
        "picocolors": "^1.1.1",
        "postcss-value-parser": "^4.2.0"
      },
      "bin": {
        "autoprefixer": "bin/autoprefixer"
      },
      "engines": {
        "node": "^10 || ^12 || >=14"
      },
      "peerDependencies": {
        "postcss": "^8.1.0"
      }
    },
    "node_modules/baseline-browser-mapping": {
      "version": "2.8.25",
      "resolved": "https://registry.npmjs.org/baseline-browser-mapping/-/baseline-browser-mapping-2.8.25.tgz",
      "integrity": "sha512-2NovHVesVF5TXefsGX1yzx1xgr7+m9JQenvz6FQY3qd+YXkKkYiv+vTCc7OriP9mcDZpTC5mAOYN4ocd29+erA==",
      "license": "Apache-2.0",
      "bin": {
        "baseline-browser-mapping": "dist/cli.js"
      }
    },
    "node_modules/browserslist": {
      "version": "4.27.0",
      "resolved": "https://registry.npmjs.org/browserslist/-/browserslist-4.27.0.tgz",
      "integrity": "sha512-AXVQwdhot1eqLihwasPElhX2tAZiBjWdJ9i/Zcj2S6QYIjkx62OKSfnobkriB81C3l4w0rVy3Nt4jaTBltYEpw==",
      "funding": [
        {
          "type": "opencollective",
          "url": "https://opencollective.com/browserslist"
        },
        {
          "type": "tidelift",
          "url": "https://tidelift.com/funding/github/npm/browserslist"
        },
        {
          "type": "github",
          "url": "https://github.com/sponsors/ai"
        }
      ],
      "license": "MIT",
      "dependencies": {
        "baseline-browser-mapping": "^2.8.19",
        "caniuse-lite": "^1.0.30001751",
        "electron-to-chromium": "^1.5.238",
        "node-releases": "^2.0.26",
        "update-browserslist-db": "^1.1.4"
      },
      "bin": {
        "browserslist": "cli.js"
      },
      "engines": {
        "node": "^6 || ^7 || ^8 || ^9 || ^10 || ^11 || ^12 || >=13.7"
      }
    },
    "node_modules/caniuse-lite": {
      "version": "1.0.30001754",
      "resolved": "https://registry.npmjs.org/caniuse-lite/-/caniuse-lite-1.0.30001754.tgz",
      "integrity": "sha512-x6OeBXueoAceOmotzx3PO4Zpt4rzpeIFsSr6AAePTZxSkXiYDUmpypEl7e2+8NCd9bD7bXjqyef8CJYPC1jfxg==",
      "funding": [
        {
          "type": "opencollective",
          "url": "https://opencollective.com/browserslist"
        },
        {
          "type": "tidelift",
          "url": "https://tidelift.com/funding/github/npm/caniuse-lite"
        },
        {
          "type": "github",
          "url": "https://github.com/sponsors/ai"
        }
      ],
      "license": "CC-BY-4.0"
    },
    "node_modules/electron-to-chromium": {
      "version": "1.5.245",
      "resolved": "https://registry.npmjs.org/electron-to-chromium/-/electron-to-chromium-1.5.245.tgz",
      "integrity": "sha512-rdmGfW47ZhL/oWEJAY4qxRtdly2B98ooTJ0pdEI4jhVLZ6tNf8fPtov2wS1IRKwFJT92le3x4Knxiwzl7cPPpQ==",
      "license": "ISC"
    },
    "node_modules/escalade": {
      "version": "3.2.0",
      "resolved": "https://registry.npmjs.org/escalade/-/escalade-3.2.0.tgz",
      "integrity": "sha512-WUj2qlxaQtO4g6Pq5c29GTcWGDyd8itL8zTlipgECz3JesAiiOKotd8JU6otB3PACgG6xkJUyVhboMS+bje/jA==",
      "license": "MIT",
      "engines": {
        "node": ">=6"
      }
    },
    "node_modules/eslint": {
      "resolved": "../../node_modules/.pnpm/eslint@8.57.1/node_modules/eslint",
      "link": true
    },
    "node_modules/eslint-config-next": {
      "resolved": "../../node_modules/.pnpm/eslint-config-next@14.0.0_eslint@8.57.1_typescript@5.9.2/node_modules/eslint-config-next",
      "link": true
    },
    "node_modules/fraction.js": {
      "version": "4.3.7",
      "resolved": "https://registry.npmjs.org/fraction.js/-/fraction.js-4.3.7.tgz",
      "integrity": "sha512-ZsDfxO51wGAXREY55a7la9LScWpwv9RxIrYABrlvOFBlH/ShPnrtsXeuUIfXKKOVicNxQ+o8JTbJvjS4M89yew==",
      "license": "MIT",
      "engines": {
        "node": "*"
      },
      "funding": {
        "type": "patreon",
        "url": "https://github.com/sponsors/rawify"
      }
    },
    "node_modules/nanoid": {
      "version": "3.3.11",
      "resolved": "https://registry.npmjs.org/nanoid/-/nanoid-3.3.11.tgz",
      "integrity": "sha512-N8SpfPUnUp1bK+PMYW8qSWdl9U+wwNWI4QKxOYDy9JAro3WMX7p2OeVRF9v+347pnakNevPmiHhNmZ2HbFA76w==",
      "funding": [
        {
          "type": "github",
          "url": "https://github.com/sponsors/ai"
        }
      ],
      "license": "MIT",
      "bin": {
        "nanoid": "bin/nanoid.cjs"
      },
      "engines": {
        "node": "^10 || ^12 || ^13.7 || ^14 || >=15.0.1"
      }
    },
    "node_modules/next": {
      "resolved": "../../node_modules/.pnpm/next@14.0.0_react-dom@18.3.1_react@18.3.1/node_modules/next",
      "link": true
    },
    "node_modules/node-releases": {
      "version": "2.0.27",
      "resolved": "https://registry.npmjs.org/node-releases/-/node-releases-2.0.27.tgz",
      "integrity": "sha512-nmh3lCkYZ3grZvqcCH+fjmQ7X+H0OeZgP40OierEaAptX4XofMh5kwNbWh7lBduUzCcV/8kZ+NDLCwm2iorIlA==",
      "license": "MIT"
    },
    "node_modules/normalize-range": {
      "version": "0.1.2",
      "resolved": "https://registry.npmjs.org/normalize-range/-/normalize-range-0.1.2.tgz",
      "integrity": "sha512-bdok/XvKII3nUpklnV6P2hxtMNrCboOjAcyBuQnWEhO665FwrSNRxU+AqpsyvO6LgGYPspN+lu5CLtw4jPRKNA==",
      "license": "MIT",
      "engines": {
        "node": ">=0.10.0"
      }
    },
    "node_modules/picocolors": {
      "version": "1.1.1",
      "resolved": "https://registry.npmjs.org/picocolors/-/picocolors-1.1.1.tgz",
      "integrity": "sha512-xceH2snhtb5M9liqDsmEw56le376mTZkEX/jEb/RxNFyegNul7eNslCXP9FDj/Lcu0X8KEyMceP2ntpaHrDEVA==",
      "license": "ISC"
    },
    "node_modules/postcss": {
      "version": "8.5.6",
      "resolved": "https://registry.npmjs.org/postcss/-/postcss-8.5.6.tgz",
      "integrity": "sha512-3Ybi1tAuwAP9s0r1UQ2J4n5Y0G05bJkpUIO0/bI9MhwmD70S5aTWbXGBwxHrelT+XM1k6dM0pk+SwNkpTRN7Pg==",
      "funding": [
        {
          "type": "opencollective",
          "url": "https://opencollective.com/postcss/"
        },
        {
          "type": "tidelift",
          "url": "https://tidelift.com/funding/github/npm/postcss"
        },
        {
          "type": "github",
          "url": "https://github.com/sponsors/ai"
        }
      ],
      "license": "MIT",
      "dependencies": {
        "nanoid": "^3.3.11",
        "picocolors": "^1.1.1",
        "source-map-js": "^1.2.1"
      },
      "engines": {
        "node": "^10 || ^12 || >=14"
      }
    },
    "node_modules/postcss-value-parser": {
      "version": "4.2.0",
      "resolved": "https://registry.npmjs.org/postcss-value-parser/-/postcss-value-parser-4.2.0.tgz",
      "integrity": "sha512-1NNCs6uurfkVbeXG4S8JFT9t19m45ICnif8zWLd5oPSZ50QnwMfK+H3jv408d4jw/7Bttv5axS5IiHoLaVNHeQ==",
      "license": "MIT"
    },
    "node_modules/react": {
      "resolved": "../../node_modules/.pnpm/react@18.3.1/node_modules/react",
      "link": true
    },
    "node_modules/react-dom": {
      "resolved": "../../node_modules/.pnpm/react-dom@18.3.1_react@18.3.1/node_modules/react-dom",
      "link": true
    },
    "node_modules/source-map-js": {
      "version": "1.2.1",
      "resolved": "https://registry.npmjs.org/source-map-js/-/source-map-js-1.2.1.tgz",
      "integrity": "sha512-UXWMKhLOwVKb728IUtQPXxfYU+usdybtUrK/8uGE8CQMvrhOpwvzDBwj0QhSL7MQc7vIsISBG8VQ8+IDQxpfQA==",
      "license": "BSD-3-Clause",
      "engines": {
        "node": ">=0.10.0"
      }
    },
    "node_modules/tailwindcss": {
      "version": "4.1.17",
      "resolved": "https://registry.npmjs.org/tailwindcss/-/tailwindcss-4.1.17.tgz",
      "integrity": "sha512-j9Ee2YjuQqYT9bbRTfTZht9W/ytp5H+jJpZKiYdP/bpnXARAuELt9ofP0lPnmHjbga7SNQIxdTAXCmtKVYjN+Q==",
      "license": "MIT"
    },
    "node_modules/typescript": {
      "resolved": "../../node_modules/.pnpm/typescript@5.9.2/node_modules/typescript",
      "link": true
    },
    "node_modules/update-browserslist-db": {
      "version": "1.1.4",
      "resolved": "https://registry.npmjs.org/update-browserslist-db/-/update-browserslist-db-1.1.4.tgz",
      "integrity": "sha512-q0SPT4xyU84saUX+tomz1WLkxUbuaJnR1xWt17M7fJtEJigJeWUNGUqrauFXsHnqev9y9JTRGwk13tFBuKby4A==",
      "funding": [
        {
          "type": "opencollective",
          "url": "https://opencollective.com/browserslist"
        },
        {
          "type": "tidelift",
          "url": "https://tidelift.com/funding/github/npm/browserslist"
        },
        {
          "type": "github",
          "url": "https://github.com/sponsors/ai"
        }
      ],
      "license": "MIT",
      "dependencies": {
        "escalade": "^3.2.0",
        "picocolors": "^1.1.1"
      },
      "bin": {
        "update-browserslist-db": "cli.js"
      },
      "peerDependencies": {
        "browserslist": ">= 4.21.0"
      }
    },
    "node_modules/@next/swc-darwin-arm64": {
      "version": "14.0.0",
      "resolved": "https://registry.npmjs.org/@next/swc-darwin-arm64/-/swc-darwin-arm64-14.0.0.tgz",
      "integrity": "sha512-HQKi159jCz4SRsPesVCiNN6tPSAFUkOuSkpJsqYTIlbHLKr1mD6be/J0TvWV6fwJekj81bZV9V/Tgx3C2HO9lA==",
      "cpu": [
        "arm64"
      ],
      "optional": true,
      "os": [
        "darwin"
      ],
      "engines": {
        "node": ">= 10"
      }
    },
    "node_modules/@next/swc-darwin-x64": {
      "version": "14.0.0",
      "resolved": "https://registry.npmjs.org/@next/swc-darwin-x64/-/swc-darwin-x64-14.0.0.tgz",
      "integrity": "sha512-4YyQLMSaCgX/kgC1jjF3s3xSoBnwHuDhnF6WA1DWNEYRsbOOPWjcYhv8TKhRe2ApdOam+VfQSffC4ZD+X4u1Cg==",
      "cpu": [
        "x64"
      ],
      "optional": true,
      "os": [
        "darwin"
      ],
      "engines": {
        "node": ">= 10"
      }
    },
    "node_modules/@next/swc-linux-arm64-gnu": {
      "version": "14.0.0",
      "resolved": "https://registry.npmjs.org/@next/swc-linux-arm64-gnu/-/swc-linux-arm64-gnu-14.0.0.tgz",
      "integrity": "sha512-io7fMkJ28Glj7SH8yvnlD6naIhRDnDxeE55CmpQkj3+uaA2Hko6WGY2pT5SzpQLTnGGnviK85cy8EJ2qsETj/g==",
      "cpu": [
        "arm64"
      ],
      "optional": true,
      "os": [
        "linux"
      ],
      "engines": {
        "node": ">= 10"
      }
    },
    "node_modules/@next/swc-linux-arm64-musl": {
      "version": "14.0.0",
      "resolved": "https://registry.npmjs.org/@next/swc-linux-arm64-musl/-/swc-linux-arm64-musl-14.0.0.tgz",
      "integrity": "sha512-nC2h0l1Jt8LEzyQeSs/BKpXAMe0mnHIMykYALWaeddTqCv5UEN8nGO3BG8JAqW/Y8iutqJsaMe2A9itS0d/r8w==",
      "cpu": [
        "arm64"
      ],
      "optional": true,
      "os": [
        "linux"
      ],
      "engines": {
        "node": ">= 10"
      }
    },
    "node_modules/@next/swc-linux-x64-gnu": {
      "version": "14.0.0",
      "resolved": "https://registry.npmjs.org/@next/swc-linux-x64-gnu/-/swc-linux-x64-gnu-14.0.0.tgz",
      "integrity": "sha512-Wf+WjXibJQ7hHXOdNOmSMW5bxeJHVf46Pwb3eLSD2L76NrytQlif9NH7JpHuFlYKCQGfKfgSYYre5rIfmnSwQw==",
      "cpu": [
        "x64"
      ],
      "optional": true,
      "os": [
        "linux"
      ],
      "engines": {
        "node": ">= 10"
      }
    },
    "node_modules/@next/swc-linux-x64-musl": {
      "version": "14.0.0",
      "resolved": "https://registry.npmjs.org/@next/swc-linux-x64-musl/-/swc-linux-x64-musl-14.0.0.tgz",
      "integrity": "sha512-WTZb2G7B+CTsdigcJVkRxfcAIQj7Lf0ipPNRJ3vlSadU8f0CFGv/ST+sJwF5eSwIe6dxKoX0DG6OljDBaad+rg==",
      "cpu": [
        "x64"
      ],
      "optional": true,
      "os": [
        "linux"
      ],
      "engines": {
        "node": ">= 10"
      }
    },
    "node_modules/@next/swc-win32-arm64-msvc": {
      "version": "14.0.0",
      "resolved": "https://registry.npmjs.org/@next/swc-win32-arm64-msvc/-/swc-win32-arm64-msvc-14.0.0.tgz",
      "integrity": "sha512-7R8/x6oQODmNpnWVW00rlWX90sIlwluJwcvMT6GXNIBOvEf01t3fBg0AGURNKdTJg2xNuP7TyLchCL7Lh2DTiw==",
      "cpu": [
        "arm64"
      ],
      "optional": true,
      "os": [
        "win32"
      ],
      "engines": {
        "node": ">= 10"
      }
    },
    "node_modules/@next/swc-win32-ia32-msvc": {
      "version": "14.0.0",
      "resolved": "https://registry.npmjs.org/@next/swc-win32-ia32-msvc/-/swc-win32-ia32-msvc-14.0.0.tgz",
      "integrity": "sha512-RLK1nELvhCnxaWPF07jGU4x3tjbyx2319q43loZELqF0+iJtKutZ+Lk8SVmf/KiJkYBc7Cragadz7hb3uQvz4g==",
      "cpu": [
        "ia32"
      ],
      "optional": true,
      "os": [
        "win32"
      ],
      "engines": {
        "node": ">= 10"
      }
    },
    "node_modules/@next/swc-win32-x64-msvc": {
      "version": "14.0.0",
      "resolved": "https://registry.npmjs.org/@next/swc-win32-x64-msvc/-/swc-win32-x64-msvc-14.0.0.tgz",
      "integrity": "sha512-g6hLf1SUko+hnnaywQQZzzb3BRecQsoKkF3o/C+F+dOA4w/noVAJngUVkfwF0+2/8FzNznM7ofM6TGZO9svn7w==",
      "cpu": [
        "x64"
      ],
      "optional": true,
      "os": [
        "win32"
      ],
      "engines": {
        "node": ">= 10"
      }
    }
  }
}
